
Microsoft Visual Studio Solution File, Format Version 12.00
# Visual Studio 14
VisualStudioVersion = 14.0.23107.0
MinimumVisualStudioVersion = 10.0.40219.1
Project("{8BC9CEB8-8B4A-11D0-8D11-00A0C91BC942}") = "scream_01", "code\scream_01.vcxproj", "{995F8DF3-7BE9-4B48-89EA-4F64046D68C2}"
EndProject
Project("{8BC9CEB8-8B4A-11D0-8D11-00A0C91BC942}") = "scream_02", "code\scream_02.vcxproj", "{F28586E6-57FF-4002-938B-3B309EF758D7}"
EndProject
Project("{8BC9CEB8-8B4A-11D0-8D11-00A0C91BC942}") = "scream_03", "code\scream_03.vcxproj", "{9D194C6B-DFA1-4986-98B0-918AC40FDF3B}"
EndProject
Global
	GlobalSection(SolutionConfigurationPlatforms) = preSolution
		Debug|Win32 = Debug|Win32
		Release|Win32 = Release|Win32
	EndGlobalSection
	GlobalSection(ProjectConfigurationPlatforms) = postSolution
		{995F8DF3-7BE9-4B48-89EA-4F64046D68C2}.Debug|Win32.ActiveCfg = Debug|Win32
		{995F8DF3-7BE9-4B48-89EA-4F64046D68C2}.Debug|Win32.Build.0 = Debug|Win32
		{995F8DF3-7BE9-4B48-89EA-4F64046D68C2}.Release|Win32.ActiveCfg = Release|Win32
		{995F8DF3-7BE9-4B48-89EA-4F64046D68C2}.Release|Win32.Build.0 = Release|Win32
		{F28586E6-57FF-4002-938B-3B309EF758D7}.Debug|Win32.ActiveCfg = Debug|Win32
		{F28586E6-57FF-4002-938B-3B309EF758D7}.Debug|Win32.Build.0 = Debug|Win32
		{F28586E6-57FF-4002-938B-3B309EF758D7}.Release|Win32.ActiveCfg = Release|Win32
		{F28586E6-57FF-4002-938B-3B309EF758D7}.Release|Win32.Build.0 = Release|Win32
		{9D194C6B-DFA1-4986-98B0-918AC40FDF3B}.Debug|Win32.ActiveCfg = Debug|Win32
		{9D194C6B-DFA1-4986-98B0-918AC40FDF3B}.Debug|Win32.Build.0 = Debug|Win32
		{9D194C6B-DFA1-4986-98B0-918AC40FDF3B}.Release|Win32.ActiveCfg = Release|Win32
		{9D194C6B-DFA1-4986-98B0-918AC40FDF3B}.Release|Win32.Build.0 = Release|Win32
	EndGlobalSection
	GlobalSection(SolutionProperties) = preSolution
		HideSolutionNode = FALSE
	EndGlobalSection
EndGlobal
